# THIS IS AN AUTOGENERATED FILE. DO NOT EDIT THIS FILE DIRECTLY.
# yarn lockfile v1


"@talend/design-tokens@^2.1.0":
  version "2.1.0"
  resolved "https://registry.yarnpkg.com/@talend/design-tokens/-/design-tokens-2.1.0.tgz#c8142f5c7cb24bd6f3ce764c1ed19c43a184f34e"
  integrity sha512-BlbJlGdpqKj/JxsD9GxcW1dw3VrO5iA1QIswFlUx3Zk+1QH3JO+pQBAOpCPNtzLHEzEUSN4JCgfseVew1aRpeg==
